
Microsoft Visual Studio Solution File, Format Version 12.00
# Visual Studio Version 16
VisualStudioVersion = 16.0.31005.135
MinimumVisualStudioVersion = 10.0.40219.1
Project("{FAE04EC0-301F-11D3-BF4B-00C04F79EFBC}") = "UserLogin", "UserLogin\UserLogin.csproj", "{C58198DD-B941-4E87-BD86-2D08FFAADB37}"
EndProject
Project("{FAE04EC0-301F-11D3-BF4B-00C04F79EFBC}") = "StudentInfoSystem", "StudentInfoSystem\StudentInfoSystem.csproj", "{78D55037-A40A-4248-B8B0-157F073D591C}"
EndProject
Project("{FAE04EC0-301F-11D3-BF4B-00C04F79EFBC}") = "WPFhello", "WPFhello\WPFhello.csproj", "{A4482F69-C023-44B9-800F-7D3E770683BE}"
EndProject
Project("{FAE04EC0-301F-11D3-BF4B-00C04F79EFBC}") = "ExpenseIt", "ExpenseIt\ExpenseIt.csproj", "{CEC4BA8C-9F26-4FDB-BE50-BDB3DB2F697E}"
EndProject
Project("{FAE04EC0-301F-11D3-BF4B-00C04F79EFBC}") = "WpfExample", "WpfExample\WpfExample.csproj", "{96919A01-8207-429B-8AD7-1769C870538F}"
EndProject
Global
	GlobalSection(SolutionConfigurationPlatforms) = preSolution
		Debug|Any CPU = Debug|Any CPU
		Release|Any CPU = Release|Any CPU
	EndGlobalSection
	GlobalSection(ProjectConfigurationPlatforms) = postSolution
		{C58198DD-B941-4E87-BD86-2D08FFAADB37}.Debug|Any CPU.ActiveCfg = Debug|Any CPU
		{C58198DD-B941-4E87-BD86-2D08FFAADB37}.Debug|Any CPU.Build.0 = Debug|Any CPU
		{C58198DD-B941-4E87-BD86-2D08FFAADB37}.Release|Any CPU.ActiveCfg = Release|Any CPU
		{C58198DD-B941-4E87-BD86-2D08FFAADB37}.Release|Any CPU.Build.0 = Release|Any CPU
		{78D55037-A40A-4248-B8B0-157F073D591C}.Debug|Any CPU.ActiveCfg = Debug|Any CPU
		{78D55037-A40A-4248-B8B0-157F073D591C}.Debug|Any CPU.Build.0 = Debug|Any CPU
		{78D55037-A40A-4248-B8B0-157F073D591C}.Release|Any CPU.ActiveCfg = Release|Any CPU
		{78D55037-A40A-4248-B8B0-157F073D591C}.Release|Any CPU.Build.0 = Release|Any CPU
		{A4482F69-C023-44B9-800F-7D3E770683BE}.Debug|Any CPU.ActiveCfg = Debug|Any CPU
		{A4482F69-C023-44B9-800F-7D3E770683BE}.Debug|Any CPU.Build.0 = Debug|Any CPU
		{A4482F69-C023-44B9-800F-7D3E770683BE}.Release|Any CPU.ActiveCfg = Release|Any CPU
		{A4482F69-C023-44B9-800F-7D3E770683BE}.Release|Any CPU.Build.0 = Release|Any CPU
		{CEC4BA8C-9F26-4FDB-BE50-BDB3DB2F697E}.Debug|Any CPU.ActiveCfg = Debug|Any CPU
		{CEC4BA8C-9F26-4FDB-BE50-BDB3DB2F697E}.Debug|Any CPU.Build.0 = Debug|Any CPU
		{CEC4BA8C-9F26-4FDB-BE50-BDB3DB2F697E}.Release|Any CPU.ActiveCfg = Release|Any CPU
		{CEC4BA8C-9F26-4FDB-BE50-BDB3DB2F697E}.Release|Any CPU.Build.0 = Release|Any CPU
		{96919A01-8207-429B-8AD7-1769C870538F}.Debug|Any CPU.ActiveCfg = Debug|Any CPU
		{96919A01-8207-429B-8AD7-1769C870538F}.Debug|Any CPU.Build.0 = Debug|Any CPU
		{96919A01-8207-429B-8AD7-1769C870538F}.Release|Any CPU.ActiveCfg = Release|Any CPU
		{96919A01-8207-429B-8AD7-1769C870538F}.Release|Any CPU.Build.0 = Release|Any CPU
	EndGlobalSection
	GlobalSection(SolutionProperties) = preSolution
		HideSolutionNode = FALSE
	EndGlobalSection
	GlobalSection(ExtensibilityGlobals) = postSolution
		SolutionGuid = {5B9A8F6F-D153-4616-B600-256C10441024}
	EndGlobalSection
EndGlobal
